
Microsoft Visual Studio Solution File, Format Version 12.00
# Visual Studio Version 16
VisualStudioVersion = 16.0.31410.357
MinimumVisualStudioVersion = 10.0.40219.1
Project("{9A19103F-16F7-4668-BE54-9A1E7A4F7556}") = "Lesson1Project1", "Lesson1Project1\Lesson1Project1.csproj", "{B0C4DD5D-5512-45C4-9857-D60EBC197A27}"
EndProject
Project("{2150E333-8FDC-42A3-9474-1A3956D46DE8}") = "Lesson1", "Lesson1", "{06B344E1-5F0D-40EF-B516-D9A4A99962B2}"
EndProject
Project("{2150E333-8FDC-42A3-9474-1A3956D46DE8}") = "Project1", "Project1", "{A3DC390B-3A1D-4C2F-AFDA-4AE08E844BB0}"
EndProject
Project("{2150E333-8FDC-42A3-9474-1A3956D46DE8}") = "Project2", "Project2", "{3EB1579F-4C37-4394-BB7F-5DDC723EE962}"
EndProject
Project("{9A19103F-16F7-4668-BE54-9A1E7A4F7556}") = "Lesson1Project3", "Lesson1Project3\Lesson1Project3.csproj", "{E62811E1-8649-4719-90BA-D5987DCF9F93}"
EndProject
Project("{2150E333-8FDC-42A3-9474-1A3956D46DE8}") = "Lesson2", "Lesson2", "{63B85636-0BC6-4453-AA33-D577D93D5BA8}"
EndProject
Project("{2150E333-8FDC-42A3-9474-1A3956D46DE8}") = "Project1", "Project1", "{548D91CF-D150-46B4-9C95-DD75DA14C5D1}"
EndProject
Project("{9A19103F-16F7-4668-BE54-9A1E7A4F7556}") = "Lesson2Project1", "Lesson2Project1\Lesson2Project1.csproj", "{2EBF513C-6B42-41A9-95AD-550510135A5F}"
EndProject
Project("{2150E333-8FDC-42A3-9474-1A3956D46DE8}") = "Project2", "Project2", "{EB1604F3-891F-4B9E-88C9-CC78B2F6FF76}"
EndProject
Project("{9A19103F-16F7-4668-BE54-9A1E7A4F7556}") = "Lesson2Project2", "Lesson2Project2\Lesson2Project2.csproj", "{416D8B7F-AD80-41CE-9BAB-A8E90667C586}"
EndProject
Project("{2150E333-8FDC-42A3-9474-1A3956D46DE8}") = "Lesson3", "Lesson3", "{8F334C32-223A-4894-9EBD-5A14E27625E7}"
EndProject
Project("{2150E333-8FDC-42A3-9474-1A3956D46DE8}") = "Project1", "Project1", "{C9A36B2C-E782-441D-8DC9-5377028EB334}"
EndProject
Project("{9A19103F-16F7-4668-BE54-9A1E7A4F7556}") = "Lesson3Project1", "Lesson3Project1\Lesson3Project1.csproj", "{A04E1BCC-E164-4BF4-8EA9-E672F76C5F19}"
EndProject
Project("{9A19103F-16F7-4668-BE54-9A1E7A4F7556}") = "Lesson3Project1MSTest", "Lesson3Project1MSTest\Lesson3Project1MSTest.csproj", "{2B7FD3AF-4419-4463-BED7-7E8CC1769EBF}"
EndProject
Project("{9A19103F-16F7-4668-BE54-9A1E7A4F7556}") = "Lesson3Project1BenchmarkDotNet", "Lesson3Project1BenchmarkDotNet\Lesson3Project1BenchmarkDotNet.csproj", "{6A213048-A937-4CF5-BA3E-F6CBEA8F73D5}"
EndProject
Project("{2150E333-8FDC-42A3-9474-1A3956D46DE8}") = "Lesson4", "Lesson4", "{8BDF2AAE-872A-45CC-A899-E83C196E9C44}"
EndProject
Project("{2150E333-8FDC-42A3-9474-1A3956D46DE8}") = "Project1", "Project1", "{2C1C887F-DC0E-4AFB-A6DE-846F0B3E5696}"
EndProject
Project("{9A19103F-16F7-4668-BE54-9A1E7A4F7556}") = "Lesson4Project1BenchmarkDotNet", "Lesson4Project1BenchmarkDotNet\Lesson4Project1BenchmarkDotNet.csproj", "{62034F7F-A97D-40F5-8D7B-971AD1FC93CC}"
EndProject
Project("{2150E333-8FDC-42A3-9474-1A3956D46DE8}") = "Project2", "Project2", "{23015C09-D047-48C4-BA83-F0975E6C15D3}"
EndProject
Project("{9A19103F-16F7-4668-BE54-9A1E7A4F7556}") = "Lesson4Project2", "Lesson4Project2\Lesson4Project2.csproj", "{62BAAF3A-0084-4612-B19A-D6FE03D7AF7F}"
EndProject
Project("{9A19103F-16F7-4668-BE54-9A1E7A4F7556}") = "Lesson4Project2MSTest", "Lesson4Project2MSTest\Lesson4Project2MSTest.csproj", "{2AB59A19-31DD-4205-AC8B-534C4EE7B86C}"
EndProject
Project("{2150E333-8FDC-42A3-9474-1A3956D46DE8}") = "Lesson5", "Lesson5", "{94FDEAFE-E65D-4659-9366-41154E4E2638}"
EndProject
Project("{2150E333-8FDC-42A3-9474-1A3956D46DE8}") = "Project1", "Project1", "{5B5731DA-AB65-40F7-A793-A9D35840F62F}"
EndProject
Project("{9A19103F-16F7-4668-BE54-9A1E7A4F7556}") = "Lesson5Project1", "Lesson5Project1\Lesson5Project1.csproj", "{C1056301-5672-4E1C-B262-4364C43A5866}"
EndProject
Project("{2150E333-8FDC-42A3-9474-1A3956D46DE8}") = "Lesson6", "Lesson6", "{E0CC4A67-C122-49D2-8ECC-1264B3EFDC06}"
EndProject
Project("{2150E333-8FDC-42A3-9474-1A3956D46DE8}") = "Project1", "Project1", "{A1B495DE-CA59-48F7-B6D1-A90B953C0FCA}"
EndProject
Project("{9A19103F-16F7-4668-BE54-9A1E7A4F7556}") = "Lesson6Project1", "Lesson6Project1\Lesson6Project1.csproj", "{EBAD1269-EC1D-4ED7-AB5A-D2E69D28C0C8}"
EndProject
Project("{2150E333-8FDC-42A3-9474-1A3956D46DE8}") = "Lesson7", "Lesson7", "{6ACDA03B-DF25-4EE0-B7D3-067878D6E20E}"
EndProject
Project("{2150E333-8FDC-42A3-9474-1A3956D46DE8}") = "Project1", "Project1", "{412D020A-23E1-4635-AA9C-52126FA2AF2E}"
EndProject
Project("{FAE04EC0-301F-11D3-BF4B-00C04F79EFBC}") = "Lesson7Project1", "Lesson7Project1\Lesson7Project1.csproj", "{0FC26EE2-F238-45BE-8318-C3D7D06DD3A4}"
EndProject
Global
	GlobalSection(SolutionConfigurationPlatforms) = preSolution
		Debug|Any CPU = Debug|Any CPU
		Release|Any CPU = Release|Any CPU
	EndGlobalSection
	GlobalSection(ProjectConfigurationPlatforms) = postSolution
		{B0C4DD5D-5512-45C4-9857-D60EBC197A27}.Debug|Any CPU.ActiveCfg = Debug|Any CPU
		{B0C4DD5D-5512-45C4-9857-D60EBC197A27}.Debug|Any CPU.Build.0 = Debug|Any CPU
		{B0C4DD5D-5512-45C4-9857-D60EBC197A27}.Release|Any CPU.ActiveCfg = Release|Any CPU
		{B0C4DD5D-5512-45C4-9857-D60EBC197A27}.Release|Any CPU.Build.0 = Release|Any CPU
		{E62811E1-8649-4719-90BA-D5987DCF9F93}.Debug|Any CPU.ActiveCfg = Debug|Any CPU
		{E62811E1-8649-4719-90BA-D5987DCF9F93}.Debug|Any CPU.Build.0 = Debug|Any CPU
		{E62811E1-8649-4719-90BA-D5987DCF9F93}.Release|Any CPU.ActiveCfg = Release|Any CPU
		{E62811E1-8649-4719-90BA-D5987DCF9F93}.Release|Any CPU.Build.0 = Release|Any CPU
		{2EBF513C-6B42-41A9-95AD-550510135A5F}.Debug|Any CPU.ActiveCfg = Debug|Any CPU
		{2EBF513C-6B42-41A9-95AD-550510135A5F}.Debug|Any CPU.Build.0 = Debug|Any CPU
		{2EBF513C-6B42-41A9-95AD-550510135A5F}.Release|Any CPU.ActiveCfg = Release|Any CPU
		{2EBF513C-6B42-41A9-95AD-550510135A5F}.Release|Any CPU.Build.0 = Release|Any CPU
		{416D8B7F-AD80-41CE-9BAB-A8E90667C586}.Debug|Any CPU.ActiveCfg = Debug|Any CPU
		{416D8B7F-AD80-41CE-9BAB-A8E90667C586}.Debug|Any CPU.Build.0 = Debug|Any CPU
		{416D8B7F-AD80-41CE-9BAB-A8E90667C586}.Release|Any CPU.ActiveCfg = Release|Any CPU
		{416D8B7F-AD80-41CE-9BAB-A8E90667C586}.Release|Any CPU.Build.0 = Release|Any CPU
		{A04E1BCC-E164-4BF4-8EA9-E672F76C5F19}.Debug|Any CPU.ActiveCfg = Debug|Any CPU
		{A04E1BCC-E164-4BF4-8EA9-E672F76C5F19}.Debug|Any CPU.Build.0 = Debug|Any CPU
		{A04E1BCC-E164-4BF4-8EA9-E672F76C5F19}.Release|Any CPU.ActiveCfg = Release|Any CPU
		{A04E1BCC-E164-4BF4-8EA9-E672F76C5F19}.Release|Any CPU.Build.0 = Release|Any CPU
		{2B7FD3AF-4419-4463-BED7-7E8CC1769EBF}.Debug|Any CPU.ActiveCfg = Debug|Any CPU
		{2B7FD3AF-4419-4463-BED7-7E8CC1769EBF}.Debug|Any CPU.Build.0 = Debug|Any CPU
		{2B7FD3AF-4419-4463-BED7-7E8CC1769EBF}.Release|Any CPU.ActiveCfg = Release|Any CPU
		{2B7FD3AF-4419-4463-BED7-7E8CC1769EBF}.Release|Any CPU.Build.0 = Release|Any CPU
		{6A213048-A937-4CF5-BA3E-F6CBEA8F73D5}.Debug|Any CPU.ActiveCfg = Debug|Any CPU
		{6A213048-A937-4CF5-BA3E-F6CBEA8F73D5}.Debug|Any CPU.Build.0 = Debug|Any CPU
		{6A213048-A937-4CF5-BA3E-F6CBEA8F73D5}.Release|Any CPU.ActiveCfg = Release|Any CPU
		{6A213048-A937-4CF5-BA3E-F6CBEA8F73D5}.Release|Any CPU.Build.0 = Release|Any CPU
		{62034F7F-A97D-40F5-8D7B-971AD1FC93CC}.Debug|Any CPU.ActiveCfg = Debug|Any CPU
		{62034F7F-A97D-40F5-8D7B-971AD1FC93CC}.Debug|Any CPU.Build.0 = Debug|Any CPU
		{62034F7F-A97D-40F5-8D7B-971AD1FC93CC}.Release|Any CPU.ActiveCfg = Release|Any CPU
		{62034F7F-A97D-40F5-8D7B-971AD1FC93CC}.Release|Any CPU.Build.0 = Release|Any CPU
		{62BAAF3A-0084-4612-B19A-D6FE03D7AF7F}.Debug|Any CPU.ActiveCfg = Debug|Any CPU
		{62BAAF3A-0084-4612-B19A-D6FE03D7AF7F}.Debug|Any CPU.Build.0 = Debug|Any CPU
		{62BAAF3A-0084-4612-B19A-D6FE03D7AF7F}.Release|Any CPU.ActiveCfg = Release|Any CPU
		{62BAAF3A-0084-4612-B19A-D6FE03D7AF7F}.Release|Any CPU.Build.0 = Release|Any CPU
		{2AB59A19-31DD-4205-AC8B-534C4EE7B86C}.Debug|Any CPU.ActiveCfg = Debug|Any CPU
		{2AB59A19-31DD-4205-AC8B-534C4EE7B86C}.Debug|Any CPU.Build.0 = Debug|Any CPU
		{2AB59A19-31DD-4205-AC8B-534C4EE7B86C}.Release|Any CPU.ActiveCfg = Release|Any CPU
		{2AB59A19-31DD-4205-AC8B-534C4EE7B86C}.Release|Any CPU.Build.0 = Release|Any CPU
		{C1056301-5672-4E1C-B262-4364C43A5866}.Debug|Any CPU.ActiveCfg = Debug|Any CPU
		{C1056301-5672-4E1C-B262-4364C43A5866}.Debug|Any CPU.Build.0 = Debug|Any CPU
		{C1056301-5672-4E1C-B262-4364C43A5866}.Release|Any CPU.ActiveCfg = Release|Any CPU
		{C1056301-5672-4E1C-B262-4364C43A5866}.Release|Any CPU.Build.0 = Release|Any CPU
		{EBAD1269-EC1D-4ED7-AB5A-D2E69D28C0C8}.Debug|Any CPU.ActiveCfg = Debug|Any CPU
		{EBAD1269-EC1D-4ED7-AB5A-D2E69D28C0C8}.Debug|Any CPU.Build.0 = Debug|Any CPU
		{EBAD1269-EC1D-4ED7-AB5A-D2E69D28C0C8}.Release|Any CPU.ActiveCfg = Release|Any CPU
		{EBAD1269-EC1D-4ED7-AB5A-D2E69D28C0C8}.Release|Any CPU.Build.0 = Release|Any CPU
		{0FC26EE2-F238-45BE-8318-C3D7D06DD3A4}.Debug|Any CPU.ActiveCfg = Debug|Any CPU
		{0FC26EE2-F238-45BE-8318-C3D7D06DD3A4}.Debug|Any CPU.Build.0 = Debug|Any CPU
		{0FC26EE2-F238-45BE-8318-C3D7D06DD3A4}.Release|Any CPU.ActiveCfg = Release|Any CPU
		{0FC26EE2-F238-45BE-8318-C3D7D06DD3A4}.Release|Any CPU.Build.0 = Release|Any CPU
	EndGlobalSection
	GlobalSection(SolutionProperties) = preSolution
		HideSolutionNode = FALSE
	EndGlobalSection
	GlobalSection(NestedProjects) = preSolution
		{B0C4DD5D-5512-45C4-9857-D60EBC197A27} = {A3DC390B-3A1D-4C2F-AFDA-4AE08E844BB0}
		{A3DC390B-3A1D-4C2F-AFDA-4AE08E844BB0} = {06B344E1-5F0D-40EF-B516-D9A4A99962B2}
		{3EB1579F-4C37-4394-BB7F-5DDC723EE962} = {06B344E1-5F0D-40EF-B516-D9A4A99962B2}
		{E62811E1-8649-4719-90BA-D5987DCF9F93} = {3EB1579F-4C37-4394-BB7F-5DDC723EE962}
		{548D91CF-D150-46B4-9C95-DD75DA14C5D1} = {63B85636-0BC6-4453-AA33-D577D93D5BA8}
		{2EBF513C-6B42-41A9-95AD-550510135A5F} = {548D91CF-D150-46B4-9C95-DD75DA14C5D1}
		{EB1604F3-891F-4B9E-88C9-CC78B2F6FF76} = {63B85636-0BC6-4453-AA33-D577D93D5BA8}
		{416D8B7F-AD80-41CE-9BAB-A8E90667C586} = {EB1604F3-891F-4B9E-88C9-CC78B2F6FF76}
		{C9A36B2C-E782-441D-8DC9-5377028EB334} = {8F334C32-223A-4894-9EBD-5A14E27625E7}
		{A04E1BCC-E164-4BF4-8EA9-E672F76C5F19} = {C9A36B2C-E782-441D-8DC9-5377028EB334}
		{2B7FD3AF-4419-4463-BED7-7E8CC1769EBF} = {C9A36B2C-E782-441D-8DC9-5377028EB334}
		{6A213048-A937-4CF5-BA3E-F6CBEA8F73D5} = {C9A36B2C-E782-441D-8DC9-5377028EB334}
		{2C1C887F-DC0E-4AFB-A6DE-846F0B3E5696} = {8BDF2AAE-872A-45CC-A899-E83C196E9C44}
		{62034F7F-A97D-40F5-8D7B-971AD1FC93CC} = {2C1C887F-DC0E-4AFB-A6DE-846F0B3E5696}
		{23015C09-D047-48C4-BA83-F0975E6C15D3} = {8BDF2AAE-872A-45CC-A899-E83C196E9C44}
		{62BAAF3A-0084-4612-B19A-D6FE03D7AF7F} = {23015C09-D047-48C4-BA83-F0975E6C15D3}
		{2AB59A19-31DD-4205-AC8B-534C4EE7B86C} = {23015C09-D047-48C4-BA83-F0975E6C15D3}
		{5B5731DA-AB65-40F7-A793-A9D35840F62F} = {94FDEAFE-E65D-4659-9366-41154E4E2638}
		{C1056301-5672-4E1C-B262-4364C43A5866} = {5B5731DA-AB65-40F7-A793-A9D35840F62F}
		{A1B495DE-CA59-48F7-B6D1-A90B953C0FCA} = {E0CC4A67-C122-49D2-8ECC-1264B3EFDC06}
		{EBAD1269-EC1D-4ED7-AB5A-D2E69D28C0C8} = {A1B495DE-CA59-48F7-B6D1-A90B953C0FCA}
		{412D020A-23E1-4635-AA9C-52126FA2AF2E} = {6ACDA03B-DF25-4EE0-B7D3-067878D6E20E}
		{0FC26EE2-F238-45BE-8318-C3D7D06DD3A4} = {412D020A-23E1-4635-AA9C-52126FA2AF2E}
	EndGlobalSection
	GlobalSection(ExtensibilityGlobals) = postSolution
		SolutionGuid = {9BE3ADF7-3AC7-449B-97C2-5AE3C79B5FB3}
	EndGlobalSection
EndGlobal
